// !$*UTF8*$!
{
	archiveVersion = 1;
	classes = {
	};
	objectVersion = 46;
	objects = {

/* Begin PBXBuildFile section */
		464E3FE61AAECA9A002E021C /* main.m in Sources */ = {isa = PBXBuildFile; fileRef = 464E3FE51AAECA9A002E021C /* main.m */; };
		464E3FE91AAECA9A002E021C /* AppDelegate.m in Sources */ = {isa = PBXBuildFile; fileRef = 464E3FE81AAECA9A002E021C /* AppDelegate.m */; };
		464E3FEC1AAECA9A002E021C /* ViewController.m in Sources */ = {isa = PBXBuildFile; fileRef = 464E3FEB1AAECA9A002E021C /* ViewController.m */; };
		464E3FEF1AAECA9A002E021C /* Main.storyboard in Resources */ = {isa = PBXBuildFile; fileRef = 464E3FED1AAECA9A002E021C /* Main.storyboard */; };
		464E3FF11AAECA9A002E021C /* Images.xcassets in Resources */ = {isa = PBXBuildFile; fileRef = 464E3FF01AAECA9A002E021C /* Images.xcassets */; };
		464E3FF41AAECA9A002E021C /* LaunchScreen.xib in Resources */ = {isa = PBXBuildFile; fileRef = 464E3FF21AAECA9A002E021C /* LaunchScreen.xib */; };
		464E40001AAECA9A002E021C /* SampleTests.m in Sources */ = {isa = PBXBuildFile; fileRef = 464E3FFF1AAECA9A002E021C /* SampleTests.m */; };
		464E400D1AAECADF002E021C /* Person.m in Sources */ = {isa = PBXBuildFile; fileRef = 464E400C1AAECADF002E021C /* Person.m */; };
		464E40101AAECB2A002E021C /* Employee.m in Sources */ = {isa = PBXBuildFile; fileRef = 464E400F1AAECB2A002E021C /* Employee.m */; };
		464E40131AAECB8E002E021C /* NSObject+Addition.m in Sources */ = {isa = PBXBuildFile; fileRef = 464E40121AAECB8E002E021C /* NSObject+Addition.m */; };
/* End PBXBuildFile section */

/* Begin PBXContainerItemProxy section */
		464E3FFA1AAECA9A002E021C /* PBXContainerItemProxy */ = {
			isa = PBXContainerItemProxy;
			containerPortal = 464E3FD81AAECA99002E021C /* Project object */;
			proxyType = 1;
			remoteGlobalIDString = 464E3FDF1AAECA99002E021C;
			remoteInfo = Sample;
		};
/* End PBXContainerItemProxy section */

/* Begin PBXFileReference section */
		464E3FE01AAECA9A002E021C /* Sample.app */ = {isa = PBXFileReference; explicitFileType = wrapper.application; includeInIndex = 0; path = Sample.app; sourceTree = BUILT_PRODUCTS_DIR; };
		464E3FE41AAECA9A002E021C /* Info.plist */ = {isa = PBXFileReference; lastKnownFileType = text.plist.xml; path = Info.plist; sourceTree = "<group>"; };
		464E3FE51AAECA9A002E021C /* main.m */ = {isa = PBXFileReference; lastKnownFileType = sourcecode.c.objc; path = main.m; sourceTree = "<group>"; };
		464E3FE71AAECA9A002E021C /* AppDelegate.h */ = {isa = PBXFileReference; lastKnownFileType = sourcecode.c.h; path = AppDelegate.h; sourceTree = "<group>"; };
		464E3FE81AAECA9A002E021C /* AppDelegate.m */ = {isa = PBXFileReference; lastKnownFileType = sourcecode.c.objc; path = AppDelegate.m; sourceTree = "<group>"; };
		464E3FEA1AAECA9A002E021C /* ViewController.h */ = {isa = PBXFileReference; lastKnownFileType = sourcecode.c.h; path = ViewController.h; sourceTree = "<group>"; };
		464E3FEB1AAECA9A002E021C /* ViewController.m */ = {isa = PBXFileReference; lastKnownFileType = sourcecode.c.objc; path = ViewController.m; sourceTree = "<group>"; };
		464E3FEE1AAECA9A002E021C /* Base */ = {isa = PBXFileReference; lastKnownFileType = file.storyboard; name = Base; path = Base.lproj/Main.storyboard; sourceTree = "<group>"; };
		464E3FF01AAECA9A002E021C /* Images.xcassets */ = {isa = PBXFileReference; lastKnownFileType = folder.assetcatalog; path = Images.xcassets; sourceTree = "<group>"; };
		464E3FF31AAECA9A002E021C /* Base */ = {isa = PBXFileReference; lastKnownFileType = file.xib; name = Base; path = Base.lproj/LaunchScreen.xib; sourceTree = "<group>"; };
		464E3FF91AAECA9A002E021C /* SampleTests.xctest */ = {isa = PBXFileReference; explicitFileType = wrapper.cfbundle; includeInIndex = 0; path = SampleTests.xctest; sourceTree = BUILT_PRODUCTS_DIR; };
		464E3FFE1AAECA9A002E021C /* Info.plist */ = {isa = PBXFileReference; lastKnownFileType = text.plist.xml; path = Info.plist; sourceTree = "<group>"; };
		464E3FFF1AAECA9A002E021C /* SampleTests.m */ = {isa = PBXFileReference; lastKnownFileType = sourcecode.c.objc; path = SampleTests.m; sourceTree = "<group>"; };
		464E400B1AAECADF002E021C /* Person.h */ = {isa = PBXFileReference; fileEncoding = 4; lastKnownFileType = sourcecode.c.h; path = Person.h; sourceTree = "<group>"; };
		464E400C1AAECADF002E021C /* Person.m */ = {isa = PBXFileReference; fileEncoding = 4; lastKnownFileType = sourcecode.c.objc; path = Person.m; sourceTree = "<group>"; };
		464E400E1AAECB2A002E021C /* Employee.h */ = {isa = PBXFileReference; fileEncoding = 4; lastKnownFileType = sourcecode.c.h; path = Employee.h; sourceTree = "<group>"; };
		464E400F1AAECB2A002E021C /* Employee.m */ = {isa = PBXFileReference; fileEncoding = 4; lastKnownFileType = sourcecode.c.objc; path = Employee.m; sourceTree = "<group>"; };
		464E40111AAECB8E002E021C /* NSObject+Addition.h */ = {isa = PBXFileReference; fileEncoding = 4; lastKnownFileType = sourcecode.c.h; path = "NSObject+Addition.h"; sourceTree = "<group>"; };
		464E40121AAECB8E002E021C /* NSObject+Addition.m */ = {isa = PBXFileReference; fileEncoding = 4; lastKnownFileType = sourcecode.c.objc; path = "NSObject+Addition.m"; sourceTree = "<group>"; };
/* End PBXFileReference section */

/* Begin PBXFrameworksBuildPhase section */
		464E3FDD1AAECA99002E021C /* Frameworks */ = {
			isa = PBXFrameworksBuildPhase;
			buildActionMask = 2147483647;
			files = (
			);
			runOnlyForDeploymentPostprocessing = 0;
		};
		464E3FF61AAECA9A002E021C /* Frameworks */ = {
			isa = PBXFrameworksBuildPhase;
			buildActionMask = 2147483647;
			files = (
			);
			runOnlyForDeploymentPostprocessing = 0;
		};
/* End PBXFrameworksBuildPhase section */

/* Begin PBXGroup section */
		464E3FD71AAECA99002E021C = {
			isa = PBXGroup;
			children = (
				464E3FE21AAECA9A002E021C /* Sample */,
				464E3FFC1AAECA9A002E021C /* SampleTests */,
				464E3FE11AAECA9A002E021C /* Products */,
			);
			sourceTree = "<group>";
		};
		464E3FE11AAECA9A002E021C /* Products */ = {
			isa = PBXGroup;
			children = (
				464E3FE01AAECA9A002E021C /* Sample.app */,
				464E3FF91AAECA9A002E021C /* SampleTests.xctest */,
			);
			name = Products;
			sourceTree = "<group>";
		};
		464E3FE21AAECA9A002E021C /* Sample */ = {
			isa = PBXGroup;
			children = (
				464E3FE71AAECA9A002E021C /* AppDelegate.h */,
				464E3FE81AAECA9A002E021C /* AppDelegate.m */,
				464E3FEA1AAECA9A002E021C /* ViewController.h */,
				464E3FEB1AAECA9A002E021C /* ViewController.m */,
				464E3FED1AAECA9A002E021C /* Main.storyboard */,
				464E3FF01AAECA9A002E021C /* Images.xcassets */,
				464E3FF21AAECA9A002E021C /* LaunchScreen.xib */,
				464E3FE31AAECA9A002E021C /* Supporting Files */,
				464E400B1AAECADF002E021C /* Person.h */,
				464E400C1AAECADF002E021C /* Person.m */,
				464E400E1AAECB2A002E021C /* Employee.h */,
				464E400F1AAECB2A002E021C /* Employee.m */,
				464E40111AAECB8E002E021C /* NSObject+Addition.h */,
				464E40121AAECB8E002E021C /* NSObject+Addition.m */,
			);
			path = Sample;
			sourceTree = "<group>";
		};
		464E3FE31AAECA9A002E021C /* Supporting Files */ = {
			isa = PBXGroup;
			children = (
				464E3FE41AAECA9A002E021C /* Info.plist */,
				464E3FE51AAECA9A002E021C /* main.m */,
			);
			name = "Supporting Files";
			sourceTree = "<group>";
		};
		464E3FFC1AAECA9A002E021C /* SampleTests */ = {
			isa = PBXGroup;
			children = (
				464E3FFF1AAECA9A002E021C /* SampleTests.m */,
				464E3FFD1AAECA9A002E021C /* Supporting Files */,
			);
			path = SampleTests;
			sourceTree = "<group>";
		};
		464E3FFD1AAECA9A002E021C /* Supporting Files */ = {
			isa = PBXGroup;
			children = (
				464E3FFE1AAECA9A002E021C /* Info.plist */,
			);
			name = "Supporting Files";
			sourceTree = "<group>";
		};
/* End PBXGroup section */

/* Begin PBXNativeTarget section */
		464E3FDF1AAECA99002E021C /* Sample */ = {
			isa = PBXNativeTarget;
			buildConfigurationList = 464E40031AAECA9A002E021C /* Build configuration list for PBXNativeTarget "Sample" */;
			buildPhases = (
				464E3FDC1AAECA99002E021C /* Sources */,
				464E3FDD1AAECA99002E021C /* Frameworks */,
				464E3FDE1AAECA99002E021C /* Resources */,
			);
			buildRules = (
			);
			dependencies = (
			);
			name = Sample;
			productName = Sample;
			productReference = 464E3FE01AAECA9A002E021C /* Sample.app */;
			productType = "com.apple.product-type.application";
		};
		464E3FF81AAECA9A002E021C /* SampleTests */ = {
			isa = PBXNativeTarget;
			buildConfigurationList = 464E40061AAECA9A002E021C /* Build configuration list for PBXNativeTarget "SampleTests" */;
			buildPhases = (
				464E3FF51AAECA9A002E021C /* Sources */,
				464E3FF61AAECA9A002E021C /* Frameworks */,
				464E3FF71AAECA9A002E021C /* Resources */,
			);
			buildRules = (
			);
			dependencies = (
				464E3FFB1AAECA9A002E021C /* PBXTargetDependency */,
			);
			name = SampleTests;
			productName = SampleTests;
			productReference = 464E3FF91AAECA9A002E021C /* SampleTests.xctest */;
			productType = "com.apple.product-type.bundle.unit-test";
		};
/* End PBXNativeTarget section */

/* Begin PBXProject section */
		464E3FD81AAECA99002E021C /* Project object */ = {
			isa = PBXProject;
			attributes = {
				LastUpgradeCheck = 0610;
				ORGANIZATIONNAME = Abhishek;
				TargetAttributes = {
					464E3FDF1AAECA99002E021C = {
						CreatedOnToolsVersion = 6.1.1;
					};
					464E3FF81AAECA9A002E021C = {
						CreatedOnToolsVersion = 6.1.1;
						TestTargetID = 464E3FDF1AAECA99002E021C;
					};
				};
			};
			buildConfigurationList = 464E3FDB1AAECA99002E021C /* Build configuration list for PBXProject "Sample" */;
			compatibilityVersion = "Xcode 3.2";
			developmentRegion = English;
			hasScannedForEncodings = 0;
			knownRegions = (
				en,
				Base,
			);
			mainGroup = 464E3FD71AAECA99002E021C;
			productRefGroup = 464E3FE11AAECA9A002E021C /* Products */;
			projectDirPath = "";
			projectRoot = "";
			targets = (
				464E3FDF1AAECA99002E021C /* Sample */,
				464E3FF81AAECA9A002E021C /* SampleTests */,
			);
		};
/* End PBXProject section */

/* Begin PBXResourcesBuildPhase section */
		464E3FDE1AAECA99002E021C /* Resources */ = {
			isa = PBXResourcesBuildPhase;
			buildActionMask = 2147483647;
			files = (
				464E3FEF1AAECA9A002E021C /* Main.storyboard in Resources */,
				464E3FF41AAECA9A002E021C /* LaunchScreen.xib in Resources */,
				464E3FF11AAECA9A002E021C /* Images.xcassets in Resources */,
			);
			runOnlyForDeploymentPostprocessing = 0;
		};
		464E3FF71AAECA9A002E021C /* Resources */ = {
			isa = PBXResourcesBuildPhase;
			buildActionMask = 2147483647;
			files = (
			);
			runOnlyForDeploymentPostprocessing = 0;
		};
/* End PBXResourcesBuildPhase section */

/* Begin PBXSourcesBuildPhase section */
		464E3FDC1AAECA99002E021C /* Sources */ = {
			isa = PBXSourcesBuildPhase;
			buildActionMask = 2147483647;
			files = (
				464E40101AAECB2A002E021C /* Employee.m in Sources */,
				464E40131AAECB8E002E021C /* NSObject+Addition.m in Sources */,
				464E3FEC1AAECA9A002E021C /* ViewController.m in Sources */,
				464E3FE91AAECA9A002E021C /* AppDelegate.m in Sources */,
				464E400D1AAECADF002E021C /* Person.m in Sources */,
				464E3FE61AAECA9A002E021C /* main.m in Sources */,
			);
			runOnlyForDeploymentPostprocessing = 0;
		};
		464E3FF51AAECA9A002E021C /* Sources */ = {
			isa = PBXSourcesBuildPhase;
			buildActionMask = 2147483647;
			files = (
				464E40001AAECA9A002E021C /* SampleTests.m in Sources */,
			);
			runOnlyForDeploymentPostprocessing = 0;
		};
/* End PBXSourcesBuildPhase section */

/* Begin PBXTargetDependency section */
		464E3FFB1AAECA9A002E021C /* PBXTargetDependency */ = {
			isa = PBXTargetDependency;
			target = 464E3FDF1AAECA99002E021C /* Sample */;
			targetProxy = 464E3FFA1AAECA9A002E021C /* PBXContainerItemProxy */;
		};
/* End PBXTargetDependency section */

/* Begin PBXVariantGroup section */
		464E3FED1AAECA9A002E021C /* Main.storyboard */ = {
			isa = PBXVariantGroup;
			children = (
				464E3FEE1AAECA9A002E021C /* Base */,
			);
			name = Main.storyboard;
			sourceTree = "<group>";
		};
		464E3FF21AAECA9A002E021C /* LaunchScreen.xib */ = {
			isa = PBXVariantGroup;
			children = (
				464E3FF31AAECA9A002E021C /* Base */,
			);
			name = LaunchScreen.xib;
			sourceTree = "<group>";
		};
/* End PBXVariantGroup section */

/* Begin XCBuildConfiguration section */
		464E40011AAECA9A002E021C /* Debug */ = {
			isa = XCBuildConfiguration;
			buildSettings = {
				ALWAYS_SEARCH_USER_PATHS = NO;
				CLANG_CXX_LANGUAGE_STANDARD = "gnu++0x";
				CLANG_CXX_LIBRARY = "libc++";
				CLANG_ENABLE_MODULES = YES;
				CLANG_ENABLE_OBJC_ARC = YES;
				CLANG_WARN_BOOL_CONVERSION = YES;
				CLANG_WARN_CONSTANT_CONVERSION = YES;
				CLANG_WARN_DIRECT_OBJC_ISA_USAGE = YES_ERROR;
				CLANG_WARN_EMPTY_BODY = YES;
				CLANG_WARN_ENUM_CONVERSION = YES;
				CLANG_WARN_INT_CONVERSION = YES;
				CLANG_WARN_OBJC_ROOT_CLASS = YES_ERROR;
				CLANG_WARN_UNREACHABLE_CODE = YES;
				CLANG_WARN__DUPLICATE_METHOD_MATCH = YES;
				"CODE_SIGN_IDENTITY[sdk=iphoneos*]" = "iPhone Developer";
				COPY_PHASE_STRIP = NO;
				ENABLE_STRICT_OBJC_MSGSEND = YES;
				GCC_C_LANGUAGE_STANDARD = gnu99;
				GCC_DYNAMIC_NO_PIC = NO;
				GCC_OPTIMIZATION_LEVEL = 0;
				GCC_PREPROCESSOR_DEFINITIONS = (
					"DEBUG=1",
					"$(inherited)",
				);
				GCC_SYMBOLS_PRIVATE_EXTERN = NO;
				GCC_WARN_64_TO_32_BIT_CONVERSION = YES;
				GCC_WARN_ABOUT_RETURN_TYPE = YES_ERROR;
				GCC_WARN_UNDECLARED_SELECTOR = YES;
				GCC_WARN_UNINITIALIZED_AUTOS = YES_AGGRESSIVE;
				GCC_WARN_UNUSED_FUNCTION = YES;
				GCC_WARN_UNUSED_VARIABLE = YES;
				IPHONEOS_DEPLOYMENT_TARGET = 8.1;
				MTL_ENABLE_DEBUG_INFO = YES;
				ONLY_ACTIVE_ARCH = YES;
				SDKROOT = iphoneos;
			};
			name = Debug;
		};
		464E40021AAECA9A002E021C /* Release */ = {
			isa = XCBuildConfiguration;
			buildSettings = {
				ALWAYS_SEARCH_USER_PATHS = NO;
				CLANG_CXX_LANGUAGE_STANDARD = "gnu++0x";
				CLANG_CXX_LIBRARY = "libc++";
				CLANG_ENABLE_MODULES = YES;
				CLANG_ENABLE_OBJC_ARC = YES;
				CLANG_WARN_BOOL_CONVERSION = YES;
				CLANG_WARN_CONSTANT_CONVERSION = YES;
				CLANG_WARN_DIRECT_OBJC_ISA_USAGE = YES_ERROR;
				CLANG_WARN_EMPTY_BODY = YES;
				CLANG_WARN_ENUM_CONVERSION = YES;
				CLANG_WARN_INT_CONVERSION = YES;
				CLANG_WARN_OBJC_ROOT_CLASS = YES_ERROR;
				CLANG_WARN_UNREACHABLE_CODE = YES;
				CLANG_WARN__DUPLICATE_METHOD_MATCH = YES;
				"CODE_SIGN_IDENTITY[sdk=iphoneos*]" = "iPhone Developer";
				COPY_PHASE_STRIP = YES;
				ENABLE_NS_ASSERTIONS = NO;
				ENABLE_STRICT_OBJC_MSGSEND = YES;
				GCC_C_LANGUAGE_STANDARD = gnu99;
				GCC_WARN_64_TO_32_BIT_CONVERSION = YES;
				GCC_WARN_ABOUT_RETURN_TYPE = YES_ERROR;
				GCC_WARN_UNDECLARED_SELECTOR = YES;
				GCC_WARN_UNINITIALIZED_AUTOS = YES_AGGRESSIVE;
				GCC_WARN_UNUSED_FUNCTION = YES;
				GCC_WARN_UNUSED_VARIABLE = YES;
				IPHONEOS_DEPLOYMENT_TARGET = 8.1;
				MTL_ENABLE_DEBUG_INFO = NO;
				SDKROOT = iphoneos;
				VALIDATE_PRODUCT = YES;
			};
			name = Release;
		};
		464E40041AAECA9A002E021C /* Debug */ = {
			isa = XCBuildConfiguration;
			buildSettings = {
				ASSETCATALOG_COMPILER_APPICON_NAME = AppIcon;
				INFOPLIST_FILE = Sample/Info.plist;
				LD_RUNPATH_SEARCH_PATHS = "$(inherited) @executable_path/Frameworks";
				PRODUCT_NAME = "$(TARGET_NAME)";
			};
			name = Debug;
		};
		464E40051AAECA9A002E021C /* Release */ = {
			isa = XCBuildConfiguration;
			buildSettings = {
				ASSETCATALOG_COMPILER_APPICON_NAME = AppIcon;
				INFOPLIST_FILE = Sample/Info.plist;
				LD_RUNPATH_SEARCH_PATHS = "$(inherited) @executable_path/Frameworks";
				PRODUCT_NAME = "$(TARGET_NAME)";
			};
			name = Release;
		};
		464E40071AAECA9A002E021C /* Debug */ = {
			isa = XCBuildConfiguration;
			buildSettings = {
				BUNDLE_LOADER = "$(TEST_HOST)";
				FRAMEWORK_SEARCH_PATHS = (
					"$(SDKROOT)/Developer/Library/Frameworks",
					"$(inherited)",
				);
				GCC_PREPROCESSOR_DEFINITIONS = (
					"DEBUG=1",
					"$(inherited)",
				);
				INFOPLIST_FILE = SampleTests/Info.plist;
				LD_RUNPATH_SEARCH_PATHS = "$(inherited) @executable_path/Frameworks @loader_path/Frameworks";
				PRODUCT_NAME = "$(TARGET_NAME)";
				TEST_HOST = "$(BUILT_PRODUCTS_DIR)/Sample.app/Sample";
			};
			name = Debug;
		};
		464E40081AAECA9A002E021C /* Release */ = {
			isa = XCBuildConfiguration;
			buildSettings = {
				BUNDLE_LOADER = "$(TEST_HOST)";
				FRAMEWORK_SEARCH_PATHS = (
					"$(SDKROOT)/Developer/Library/Frameworks",
					"$(inherited)",
				);
				INFOPLIST_FILE = SampleTests/Info.plist;
				LD_RUNPATH_SEARCH_PATHS = "$(inherited) @executable_path/Frameworks @loader_path/Frameworks";
				PRODUCT_NAME = "$(TARGET_NAME)";
				TEST_HOST = "$(BUILT_PRODUCTS_DIR)/Sample.app/Sample";
			};
			name = Release;
		};
/* End XCBuildConfiguration section */

/* Begin XCConfigurationList section */
		464E3FDB1AAECA99002E021C /* Build configuration list for PBXProject "Sample" */ = {
			isa = XCConfigurationList;
			buildConfigurations = (
				464E40011AAECA9A002E021C /* Debug */,
				464E40021AAECA9A002E021C /* Release */,
			);
			defaultConfigurationIsVisible = 0;
			defaultConfigurationName = Release;
		};
		464E40031AAECA9A002E021C /* Build configuration list for PBXNativeTarget "Sample" */ = {
			isa = XCConfigurationList;
			buildConfigurations = (
				464E40041AAECA9A002E021C /* Debug */,
				464E40051AAECA9A002E021C /* Release */,
			);
			defaultConfigurationIsVisible = 0;
		};
		464E40061AAECA9A002E021C /* Build configuration list for PBXNativeTarget "SampleTests" */ = {
			isa = XCConfigurationList;
			buildConfigurations = (
				464E40071AAECA9A002E021C /* Debug */,
				464E40081AAECA9A002E021C /* Release */,
			);
			defaultConfigurationIsVisible = 0;
		};
/* End XCConfigurationList section */
	};
	rootObject = 464E3FD81AAECA99002E021C /* Project object */;
}
